# This file is generated by running "yarn install" inside your project.
# Manual changes might be lost - proceed with caution!

__metadata:
  version: 7
  cacheKey: 9

"zenn-cli@npm:^0.1.131":
  version: 0.1.131
  resolution: "zenn-cli@npm:0.1.131"
  bin:
    zenn: dist/server/zenn.js
  checksum: 9f0b4222dacbfd8ea09b2229ddfe65a5263561c9c0cf0c62980a5b6a17bf31a06b4e9aff523804ea9979b4d12cdfa740085df2efe1add3327816fa1d72cc2bb7
  languageName: node
  linkType: hard

"zenn.dev@workspace:.":
  version: 0.0.0-use.local
  resolution: "zenn.dev@workspace:."
  dependencies:
    zenn-cli: "npm:^0.1.131"
  languageName: unknown
  linkType: soft
